// !$*UTF8*$!
{
	archiveVersion = 1;
	classes = {
	};
	objectVersion = 54;
	objects = {

/* Begin PBXBuildFile section */
		5B8E794D2BA971B10015306E /* FontsDesignViewController.swift in Sources */ = {isa = PBXBuildFile; fileRef = 5B8E794C2BA971B10015306E /* FontsDesignViewController.swift */; };
		65634A442A4CA3DC005DDAD4 /* FontWeightViewController.swift in Sources */ = {isa = PBXBuildFile; fileRef = 65634A432A4CA3DC005DDAD4 /* FontWeightViewController.swift */; };
		9368BC4B23761210002A14FE /* IconsViewController.swift in Sources */ = {isa = PBXBuildFile; fileRef = 9368BC4A23761210002A14FE /* IconsViewController.swift */; };
		9368F026233966C70041AF64 /* AppDelegate.swift in Sources */ = {isa = PBXBuildFile; fileRef = 9368F025233966C70041AF64 /* AppDelegate.swift */; };
		9368F02F233966CB0041AF64 /* Assets.xcassets in Resources */ = {isa = PBXBuildFile; fileRef = 9368F02E233966CB0041AF64 /* Assets.xcassets */; };
		9368F032233966CB0041AF64 /* LaunchScreen.storyboard in Resources */ = {isa = PBXBuildFile; fileRef = 9368F030233966CB0041AF64 /* LaunchScreen.storyboard */; };
		938C300D237743F000DFC6D8 /* ColorStackViewController.swift in Sources */ = {isa = PBXBuildFile; fileRef = 938C300C237743F000DFC6D8 /* ColorStackViewController.swift */; };
		93A34B3C2368B63500FE397D /* ColorsViewController.swift in Sources */ = {isa = PBXBuildFile; fileRef = 93A34B3B2368B63500FE397D /* ColorsViewController.swift */; };
		93A34B3E2368B65F00FE397D /* FontsViewController.swift in Sources */ = {isa = PBXBuildFile; fileRef = 93A34B3D2368B65F00FE397D /* FontsViewController.swift */; };
		93FCD118237880F2005F3890 /* Helpers.swift in Sources */ = {isa = PBXBuildFile; fileRef = 93FCD117237880F2005F3890 /* Helpers.swift */; };
		93FCD11A2378C096005F3890 /* DemosController.swift in Sources */ = {isa = PBXBuildFile; fileRef = 93FCD1192378C096005F3890 /* DemosController.swift */; };
		E930F6902A4CBC790031460F /* SwiftUIColorsView.swift in Sources */ = {isa = PBXBuildFile; fileRef = E930F68F2A4CBC790031460F /* SwiftUIColorsView.swift */; };
		E930F6932A4CD36E0031460F /* SFSymbols in Frameworks */ = {isa = PBXBuildFile; productRef = E930F6922A4CD36E0031460F /* SFSymbols */; };
/* End PBXBuildFile section */

/* Begin PBXFileReference section */
		5B8E794C2BA971B10015306E /* FontsDesignViewController.swift */ = {isa = PBXFileReference; fileEncoding = 4; lastKnownFileType = sourcecode.swift; path = FontsDesignViewController.swift; sourceTree = "<group>"; };
		65634A432A4CA3DC005DDAD4 /* FontWeightViewController.swift */ = {isa = PBXFileReference; lastKnownFileType = sourcecode.swift; path = FontWeightViewController.swift; sourceTree = "<group>"; };
		9368BC4A23761210002A14FE /* IconsViewController.swift */ = {isa = PBXFileReference; lastKnownFileType = sourcecode.swift; path = IconsViewController.swift; sourceTree = "<group>"; };
		9368F022233966C70041AF64 /* Semantic UI.app */ = {isa = PBXFileReference; explicitFileType = wrapper.application; includeInIndex = 0; path = "Semantic UI.app"; sourceTree = BUILT_PRODUCTS_DIR; };
		9368F025233966C70041AF64 /* AppDelegate.swift */ = {isa = PBXFileReference; lastKnownFileType = sourcecode.swift; path = AppDelegate.swift; sourceTree = "<group>"; };
		9368F02E233966CB0041AF64 /* Assets.xcassets */ = {isa = PBXFileReference; lastKnownFileType = folder.assetcatalog; path = Assets.xcassets; sourceTree = "<group>"; };
		9368F031233966CB0041AF64 /* Base */ = {isa = PBXFileReference; lastKnownFileType = file.storyboard; name = Base; path = Base.lproj/LaunchScreen.storyboard; sourceTree = "<group>"; };
		9368F033233966CB0041AF64 /* Info.plist */ = {isa = PBXFileReference; lastKnownFileType = text.plist.xml; path = Info.plist; sourceTree = "<group>"; };
		938C300C237743F000DFC6D8 /* ColorStackViewController.swift */ = {isa = PBXFileReference; lastKnownFileType = sourcecode.swift; path = ColorStackViewController.swift; sourceTree = "<group>"; };
		93A34B3B2368B63500FE397D /* ColorsViewController.swift */ = {isa = PBXFileReference; fileEncoding = 4; lastKnownFileType = sourcecode.swift; path = ColorsViewController.swift; sourceTree = "<group>"; };
		93A34B3D2368B65F00FE397D /* FontsViewController.swift */ = {isa = PBXFileReference; lastKnownFileType = sourcecode.swift; path = FontsViewController.swift; sourceTree = "<group>"; };
		93FCD117237880F2005F3890 /* Helpers.swift */ = {isa = PBXFileReference; lastKnownFileType = sourcecode.swift; path = Helpers.swift; sourceTree = "<group>"; };
		93FCD1192378C096005F3890 /* DemosController.swift */ = {isa = PBXFileReference; lastKnownFileType = sourcecode.swift; path = DemosController.swift; sourceTree = "<group>"; };
		E930F68F2A4CBC790031460F /* SwiftUIColorsView.swift */ = {isa = PBXFileReference; lastKnownFileType = sourcecode.swift; path = SwiftUIColorsView.swift; sourceTree = "<group>"; };
/* End PBXFileReference section */

/* Begin PBXFrameworksBuildPhase section */
		9368F01F233966C70041AF64 /* Frameworks */ = {
			isa = PBXFrameworksBuildPhase;
			buildActionMask = 2147483647;
			files = (
				E930F6932A4CD36E0031460F /* SFSymbols in Frameworks */,
			);
			runOnlyForDeploymentPostprocessing = 0;
		};
/* End PBXFrameworksBuildPhase section */

/* Begin PBXGroup section */
		9368F019233966C70041AF64 = {
			isa = PBXGroup;
			children = (
				9368F024233966C70041AF64 /* Semantic Colors */,
				9368F023233966C70041AF64 /* Products */,
			);
			sourceTree = "<group>";
		};
		9368F023233966C70041AF64 /* Products */ = {
			isa = PBXGroup;
			children = (
				9368F022233966C70041AF64 /* Semantic UI.app */,
			);
			name = Products;
			sourceTree = "<group>";
		};
		9368F024233966C70041AF64 /* Semantic Colors */ = {
			isa = PBXGroup;
			children = (
				93FCD1192378C096005F3890 /* DemosController.swift */,
				9368BC4A23761210002A14FE /* IconsViewController.swift */,
				93A34B3D2368B65F00FE397D /* FontsViewController.swift */,
				65634A432A4CA3DC005DDAD4 /* FontWeightViewController.swift */,
				5B8E794C2BA971B10015306E /* FontsDesignViewController.swift */,
				93A34B3B2368B63500FE397D /* ColorsViewController.swift */,
				938C300C237743F000DFC6D8 /* ColorStackViewController.swift */,
				9368F025233966C70041AF64 /* AppDelegate.swift */,
				9368F02E233966CB0041AF64 /* Assets.xcassets */,
				9368F030233966CB0041AF64 /* LaunchScreen.storyboard */,
				9368F033233966CB0041AF64 /* Info.plist */,
				93FCD117237880F2005F3890 /* Helpers.swift */,
				E930F68F2A4CBC790031460F /* SwiftUIColorsView.swift */,
			);
			path = "Semantic Colors";
			sourceTree = "<group>";
		};
/* End PBXGroup section */

/* Begin PBXNativeTarget section */
		9368F021233966C70041AF64 /* Semantic Colors */ = {
			isa = PBXNativeTarget;
			buildConfigurationList = 9368F036233966CB0041AF64 /* Build configuration list for PBXNativeTarget "Semantic Colors" */;
			buildPhases = (
				9368F01E233966C70041AF64 /* Sources */,
				9368F01F233966C70041AF64 /* Frameworks */,
				9368F020233966C70041AF64 /* Resources */,
			);
			buildRules = (
			);
			dependencies = (
			);
			name = "Semantic Colors";
			packageProductDependencies = (
				E930F6922A4CD36E0031460F /* SFSymbols */,
			);
			productName = "Semantic Colors";
			productReference = 9368F022233966C70041AF64 /* Semantic UI.app */;
			productType = "com.apple.product-type.application";
		};
/* End PBXNativeTarget section */

/* Begin PBXProject section */
		9368F01A233966C70041AF64 /* Project object */ = {
			isa = PBXProject;
			attributes = {
				BuildIndependentTargetsInParallel = YES;
				LastSwiftUpdateCheck = 1100;
				LastUpgradeCheck = 1430;
				ORGANIZATIONNAME = "Cocoa Controls";
				TargetAttributes = {
					9368F021233966C70041AF64 = {
						CreatedOnToolsVersion = 11.0;
					};
				};
			};
			buildConfigurationList = 9368F01D233966C70041AF64 /* Build configuration list for PBXProject "Semantic Colors" */;
			compatibilityVersion = "Xcode 9.3";
			developmentRegion = en;
			hasScannedForEncodings = 0;
			knownRegions = (
				en,
				Base,
			);
			mainGroup = 9368F019233966C70041AF64;
			packageReferences = (
				E930F6912A4CD36E0031460F /* XCRemoteSwiftPackageReference "SFSymbols" */,
			);
			productRefGroup = 9368F023233966C70041AF64 /* Products */;
			projectDirPath = "";
			projectRoot = "";
			targets = (
				9368F021233966C70041AF64 /* Semantic Colors */,
			);
		};
/* End PBXProject section */

/* Begin PBXResourcesBuildPhase section */
		9368F020233966C70041AF64 /* Resources */ = {
			isa = PBXResourcesBuildPhase;
			buildActionMask = 2147483647;
			files = (
				9368F032233966CB0041AF64 /* LaunchScreen.storyboard in Resources */,
				9368F02F233966CB0041AF64 /* Assets.xcassets in Resources */,
			);
			runOnlyForDeploymentPostprocessing = 0;
		};
/* End PBXResourcesBuildPhase section */

/* Begin PBXSourcesBuildPhase section */
		9368F01E233966C70041AF64 /* Sources */ = {
			isa = PBXSourcesBuildPhase;
			buildActionMask = 2147483647;
			files = (
				E930F6902A4CBC790031460F /* SwiftUIColorsView.swift in Sources */,
				938C300D237743F000DFC6D8 /* ColorStackViewController.swift in Sources */,
				93FCD118237880F2005F3890 /* Helpers.swift in Sources */,
				93A34B3C2368B63500FE397D /* ColorsViewController.swift in Sources */,
				93A34B3E2368B65F00FE397D /* FontsViewController.swift in Sources */,
				93FCD11A2378C096005F3890 /* DemosController.swift in Sources */,
				9368F026233966C70041AF64 /* AppDelegate.swift in Sources */,
				5B8E794D2BA971B10015306E /* FontsDesignViewController.swift in Sources */,
				9368BC4B23761210002A14FE /* IconsViewController.swift in Sources */,
				65634A442A4CA3DC005DDAD4 /* FontWeightViewController.swift in Sources */,
			);
			runOnlyForDeploymentPostprocessing = 0;
		};
/* End PBXSourcesBuildPhase section */

/* Begin PBXVariantGroup section */
		9368F030233966CB0041AF64 /* LaunchScreen.storyboard */ = {
			isa = PBXVariantGroup;
			children = (
				9368F031233966CB0041AF64 /* Base */,
			);
			name = LaunchScreen.storyboard;
			sourceTree = "<group>";
		};
/* End PBXVariantGroup section */

/* Begin XCBuildConfiguration section */
		9368F034233966CB0041AF64 /* Debug */ = {
			isa = XCBuildConfiguration;
			buildSettings = {
				ALWAYS_SEARCH_USER_PATHS = NO;
				CLANG_ANALYZER_NONNULL = YES;
				CLANG_ANALYZER_NUMBER_OBJECT_CONVERSION = YES_AGGRESSIVE;
				CLANG_CXX_LANGUAGE_STANDARD = "gnu++14";
				CLANG_CXX_LIBRARY = "libc++";
				CLANG_ENABLE_MODULES = YES;
				CLANG_ENABLE_OBJC_ARC = YES;
				CLANG_ENABLE_OBJC_WEAK = YES;
				CLANG_WARN_BLOCK_CAPTURE_AUTORELEASING = YES;
				CLANG_WARN_BOOL_CONVERSION = YES;
				CLANG_WARN_COMMA = YES;
				CLANG_WARN_CONSTANT_CONVERSION = YES;
				CLANG_WARN_DEPRECATED_OBJC_IMPLEMENTATIONS = YES;
				CLANG_WARN_DIRECT_OBJC_ISA_USAGE = YES_ERROR;
				CLANG_WARN_DOCUMENTATION_COMMENTS = YES;
				CLANG_WARN_EMPTY_BODY = YES;
				CLANG_WARN_ENUM_CONVERSION = YES;
				CLANG_WARN_INFINITE_RECURSION = YES;
				CLANG_WARN_INT_CONVERSION = YES;
				CLANG_WARN_NON_LITERAL_NULL_CONVERSION = YES;
				CLANG_WARN_OBJC_IMPLICIT_RETAIN_SELF = YES;
				CLANG_WARN_OBJC_LITERAL_CONVERSION = YES;
				CLANG_WARN_OBJC_ROOT_CLASS = YES_ERROR;
				CLANG_WARN_QUOTED_INCLUDE_IN_FRAMEWORK_HEADER = YES;
				CLANG_WARN_RANGE_LOOP_ANALYSIS = YES;
				CLANG_WARN_STRICT_PROTOTYPES = YES;
				CLANG_WARN_SUSPICIOUS_MOVE = YES;
				CLANG_WARN_UNGUARDED_AVAILABILITY = YES_AGGRESSIVE;
				CLANG_WARN_UNREACHABLE_CODE = YES;
				CLANG_WARN__DUPLICATE_METHOD_MATCH = YES;
				COPY_PHASE_STRIP = NO;
				DEBUG_INFORMATION_FORMAT = dwarf;
				ENABLE_STRICT_OBJC_MSGSEND = YES;
				ENABLE_TESTABILITY = YES;
				GCC_C_LANGUAGE_STANDARD = gnu11;
				GCC_DYNAMIC_NO_PIC = NO;
				GCC_NO_COMMON_BLOCKS = YES;
				GCC_OPTIMIZATION_LEVEL = 0;
				GCC_PREPROCESSOR_DEFINITIONS = (
					"DEBUG=1",
					"$(inherited)",
				);
				GCC_WARN_64_TO_32_BIT_CONVERSION = YES;
				GCC_WARN_ABOUT_RETURN_TYPE = YES_ERROR;
				GCC_WARN_UNDECLARED_SELECTOR = YES;
				GCC_WARN_UNINITIALIZED_AUTOS = YES_AGGRESSIVE;
				GCC_WARN_UNUSED_FUNCTION = YES;
				GCC_WARN_UNUSED_VARIABLE = YES;
				IPHONEOS_DEPLOYMENT_TARGET = 16.0;
				MTL_ENABLE_DEBUG_INFO = INCLUDE_SOURCE;
				MTL_FAST_MATH = YES;
				ONLY_ACTIVE_ARCH = YES;
				SDKROOT = iphoneos;
				SWIFT_ACTIVE_COMPILATION_CONDITIONS = DEBUG;
				SWIFT_OPTIMIZATION_LEVEL = "-Onone";
			};
			name = Debug;
		};
		9368F035233966CB0041AF64 /* Release */ = {
			isa = XCBuildConfiguration;
			buildSettings = {
				ALWAYS_SEARCH_USER_PATHS = NO;
				CLANG_ANALYZER_NONNULL = YES;
				CLANG_ANALYZER_NUMBER_OBJECT_CONVERSION = YES_AGGRESSIVE;
				CLANG_CXX_LANGUAGE_STANDARD = "gnu++14";
				CLANG_CXX_LIBRARY = "libc++";
				CLANG_ENABLE_MODULES = YES;
				CLANG_ENABLE_OBJC_ARC = YES;
				CLANG_ENABLE_OBJC_WEAK = YES;
				CLANG_WARN_BLOCK_CAPTURE_AUTORELEASING = YES;
				CLANG_WARN_BOOL_CONVERSION = YES;
				CLANG_WARN_COMMA = YES;
				CLANG_WARN_CONSTANT_CONVERSION = YES;
				CLANG_WARN_DEPRECATED_OBJC_IMPLEMENTATIONS = YES;
				CLANG_WARN_DIRECT_OBJC_ISA_USAGE = YES_ERROR;
				CLANG_WARN_DOCUMENTATION_COMMENTS = YES;
				CLANG_WARN_EMPTY_BODY = YES;
				CLANG_WARN_ENUM_CONVERSION = YES;
				CLANG_WARN_INFINITE_RECURSION = YES;
				CLANG_WARN_INT_CONVERSION = YES;
				CLANG_WARN_NON_LITERAL_NULL_CONVERSION = YES;
				CLANG_WARN_OBJC_IMPLICIT_RETAIN_SELF = YES;
				CLANG_WARN_OBJC_LITERAL_CONVERSION = YES;
				CLANG_WARN_OBJC_ROOT_CLASS = YES_ERROR;
				CLANG_WARN_QUOTED_INCLUDE_IN_FRAMEWORK_HEADER = YES;
				CLANG_WARN_RANGE_LOOP_ANALYSIS = YES;
				CLANG_WARN_STRICT_PROTOTYPES = YES;
				CLANG_WARN_SUSPICIOUS_MOVE = YES;
				CLANG_WARN_UNGUARDED_AVAILABILITY = YES_AGGRESSIVE;
				CLANG_WARN_UNREACHABLE_CODE = YES;
				CLANG_WARN__DUPLICATE_METHOD_MATCH = YES;
				COPY_PHASE_STRIP = NO;
				DEBUG_INFORMATION_FORMAT = "dwarf-with-dsym";
				ENABLE_NS_ASSERTIONS = NO;
				ENABLE_STRICT_OBJC_MSGSEND = YES;
				GCC_C_LANGUAGE_STANDARD = gnu11;
				GCC_NO_COMMON_BLOCKS = YES;
				GCC_WARN_64_TO_32_BIT_CONVERSION = YES;
				GCC_WARN_ABOUT_RETURN_TYPE = YES_ERROR;
				GCC_WARN_UNDECLARED_SELECTOR = YES;
				GCC_WARN_UNINITIALIZED_AUTOS = YES_AGGRESSIVE;
				GCC_WARN_UNUSED_FUNCTION = YES;
				GCC_WARN_UNUSED_VARIABLE = YES;
				IPHONEOS_DEPLOYMENT_TARGET = 16.0;
				MTL_ENABLE_DEBUG_INFO = NO;
				MTL_FAST_MATH = YES;
				SDKROOT = iphoneos;
				SWIFT_COMPILATION_MODE = wholemodule;
				SWIFT_OPTIMIZATION_LEVEL = "-O";
				VALIDATE_PRODUCT = YES;
			};
			name = Release;
		};
		9368F037233966CB0041AF64 /* Debug */ = {
			isa = XCBuildConfiguration;
			buildSettings = {
				ASSETCATALOG_COMPILER_APPICON_NAME = AppIcon;
				CODE_SIGN_STYLE = Automatic;
				INFOPLIST_FILE = "Semantic Colors/Info.plist";
				IPHONEOS_DEPLOYMENT_TARGET = 16.0;
				LD_RUNPATH_SEARCH_PATHS = (
					"$(inherited)",
					"@executable_path/Frameworks",
				);
				PRODUCT_BUNDLE_IDENTIFIER = "com.cocoacontrols.Semantic-UI";
				PRODUCT_NAME = "Semantic UI";
				SWIFT_VERSION = 5.0;
				TARGETED_DEVICE_FAMILY = "1,2";
			};
			name = Debug;
		};
		9368F038233966CB0041AF64 /* Release */ = {
			isa = XCBuildConfiguration;
			buildSettings = {
				ASSETCATALOG_COMPILER_APPICON_NAME = AppIcon;
				CODE_SIGN_STYLE = Automatic;
				INFOPLIST_FILE = "Semantic Colors/Info.plist";
				IPHONEOS_DEPLOYMENT_TARGET = 16.0;
				LD_RUNPATH_SEARCH_PATHS = (
					"$(inherited)",
					"@executable_path/Frameworks",
				);
				PRODUCT_BUNDLE_IDENTIFIER = "com.cocoacontrols.Semantic-UI";
				PRODUCT_NAME = "Semantic UI";
				SWIFT_VERSION = 5.0;
				TARGETED_DEVICE_FAMILY = "1,2";
			};
			name = Release;
		};
/* End XCBuildConfiguration section */

/* Begin XCConfigurationList section */
		9368F01D233966C70041AF64 /* Build configuration list for PBXProject "Semantic Colors" */ = {
			isa = XCConfigurationList;
			buildConfigurations = (
				9368F034233966CB0041AF64 /* Debug */,
				9368F035233966CB0041AF64 /* Release */,
			);
			defaultConfigurationIsVisible = 0;
			defaultConfigurationName = Release;
		};
		9368F036233966CB0041AF64 /* Build configuration list for PBXNativeTarget "Semantic Colors" */ = {
			isa = XCConfigurationList;
			buildConfigurations = (
				9368F037233966CB0041AF64 /* Debug */,
				9368F038233966CB0041AF64 /* Release */,
			);
			defaultConfigurationIsVisible = 0;
			defaultConfigurationName = Release;
		};
/* End XCConfigurationList section */

/* Begin XCRemoteSwiftPackageReference section */
		E930F6912A4CD36E0031460F /* XCRemoteSwiftPackageReference "SFSymbols" */ = {
			isa = XCRemoteSwiftPackageReference;
			repositoryURL = "https://github.com/Rspoon3/SFSymbols";
			requirement = {
				kind = upToNextMajorVersion;
				minimumVersion = 2.0.0;
			};
		};
/* End XCRemoteSwiftPackageReference section */

/* Begin XCSwiftPackageProductDependency section */
		E930F6922A4CD36E0031460F /* SFSymbols */ = {
			isa = XCSwiftPackageProductDependency;
			package = E930F6912A4CD36E0031460F /* XCRemoteSwiftPackageReference "SFSymbols" */;
			productName = SFSymbols;
		};
/* End XCSwiftPackageProductDependency section */
	};
	rootObject = 9368F01A233966C70041AF64 /* Project object */;
}
